{
  "name": "pushover-notifications",
  "version": "1.0.0",
  "lockfileVersion": 3,
  "requires": true,
  "packages": {
    "": {
      "name": "pushover-notifications",
      "version": "1.0.0",
      "license": "ISC",
      "dependencies": {
        "pushover-notifications": "^1.2.2"
      }
    },
    "node_modules/pushover-notifications": {
      "version": "1.2.2",
      "resolved": "https://registry.npmjs.org/pushover-notifications/-/pushover-notifications-1.2.2.tgz",
      "integrity": "sha512-+3Xcj+kiMiouZK1Ws8yGBTyl8WMPZZdELgl/iVxYqNwDdlaObBHMhEGPRC6Zb9t0BE27ikOoOqSIO1cKZOtsDA==",
      "engines": {
        "node": "*"
      }
    }
  }
}
